
Microsoft Visual Studio Solution File, Format Version 12.00
# Visual Studio Version 16
VisualStudioVersion = 16.0.29905.134
MinimumVisualStudioVersion = 10.0.40219.1
Project("{FAE04EC0-301F-11D3-BF4B-00C04F79EFBC}") = "Ejemplirijillos", "ShowDialog\Ejemplirijillos.csproj", "{1E3024E1-4FAC-48D1-8828-6310716E984F}"
EndProject
Global
	GlobalSection(SolutionConfigurationPlatforms) = preSolution
		Debug|Any CPU = Debug|Any CPU
		Release|Any CPU = Release|Any CPU
	EndGlobalSection
	GlobalSection(ProjectConfigurationPlatforms) = postSolution
		{1E3024E1-4FAC-48D1-8828-6310716E984F}.Debug|Any CPU.ActiveCfg = Debug|Any CPU
		{1E3024E1-4FAC-48D1-8828-6310716E984F}.Debug|Any CPU.Build.0 = Debug|Any CPU
		{1E3024E1-4FAC-48D1-8828-6310716E984F}.Release|Any CPU.ActiveCfg = Release|Any CPU
		{1E3024E1-4FAC-48D1-8828-6310716E984F}.Release|Any CPU.Build.0 = Release|Any CPU
	EndGlobalSection
	GlobalSection(SolutionProperties) = preSolution
		HideSolutionNode = FALSE
	EndGlobalSection
	GlobalSection(ExtensibilityGlobals) = postSolution
		SolutionGuid = {46887B26-DA9E-45B8-A669-EF250CB4D27C}
	EndGlobalSection
EndGlobal
